
Microsoft Visual Studio Solution File, Format Version 12.00
# Visual Studio Version 16
VisualStudioVersion = 16.0.30204.135
MinimumVisualStudioVersion = 10.0.40219.1
Project("{FAE04EC0-301F-11D3-BF4B-00C04F79EFBC}") = "HerançaLojajogos", "HerançaLojajogos.csproj", "{4CB2D16B-19B2-4E85-B23E-40904D99A25D}"
EndProject
Global
	GlobalSection(SolutionConfigurationPlatforms) = preSolution
		Debug|Any CPU = Debug|Any CPU
		Release|Any CPU = Release|Any CPU
	EndGlobalSection
	GlobalSection(ProjectConfigurationPlatforms) = postSolution
		{4CB2D16B-19B2-4E85-B23E-40904D99A25D}.Debug|Any CPU.ActiveCfg = Debug|Any CPU
		{4CB2D16B-19B2-4E85-B23E-40904D99A25D}.Debug|Any CPU.Build.0 = Debug|Any CPU
		{4CB2D16B-19B2-4E85-B23E-40904D99A25D}.Release|Any CPU.ActiveCfg = Release|Any CPU
		{4CB2D16B-19B2-4E85-B23E-40904D99A25D}.Release|Any CPU.Build.0 = Release|Any CPU
	EndGlobalSection
	GlobalSection(SolutionProperties) = preSolution
		HideSolutionNode = FALSE
	EndGlobalSection
	GlobalSection(ExtensibilityGlobals) = postSolution
		SolutionGuid = {34D135DF-695C-4BC3-AFEB-DA72F7DA8D40}
	EndGlobalSection
EndGlobal
